
Microsoft Visual Studio Solution File, Format Version 12.00
Project("{FAE04EC0-301F-11D3-BF4B-00C04F79EFBC}") = "NoZeroDays.Api", "NoZeroDays.Api\NoZeroDays.Api.csproj", "{C99A9ED0-4D9B-44DB-81C2-AABBA4189EBA}"
EndProject
Project("{2150E333-8FDC-42A3-9474-1A3956D46DE8}") = "Solution Items", "Solution Items", "{959C5E24-2636-4E20-8162-3D93D7F325D7}"
	ProjectSection(SolutionItems) = preProject
		compose.yaml = compose.yaml
	EndProjectSection
EndProject
Global
	GlobalSection(SolutionConfigurationPlatforms) = preSolution
		Debug|Any CPU = Debug|Any CPU
		Release|Any CPU = Release|Any CPU
	EndGlobalSection
	GlobalSection(ProjectConfigurationPlatforms) = postSolution
		{C99A9ED0-4D9B-44DB-81C2-AABBA4189EBA}.Debug|Any CPU.ActiveCfg = Debug|Any CPU
		{C99A9ED0-4D9B-44DB-81C2-AABBA4189EBA}.Debug|Any CPU.Build.0 = Debug|Any CPU
		{C99A9ED0-4D9B-44DB-81C2-AABBA4189EBA}.Release|Any CPU.ActiveCfg = Release|Any CPU
		{C99A9ED0-4D9B-44DB-81C2-AABBA4189EBA}.Release|Any CPU.Build.0 = Release|Any CPU
	EndGlobalSection
EndGlobal
